
Microsoft Visual Studio Solution File, Format Version 12.00
# Visual Studio Version 17
VisualStudioVersion = 17.0.32126.317
MinimumVisualStudioVersion = 10.0.40219.1
Project("{9A19103F-16F7-4668-BE54-9A1E7A4F7556}") = "TrackerLibrary", "TrackerLibrary\TrackerLibrary.csproj", "{9EA62CB8-2489-49E7-803F-DA9536150F71}"
EndProject
Project("{FAE04EC0-301F-11D3-BF4B-00C04F79EFBC}") = "TrackerUI", "TrackerUI\TrackerUI.csproj", "{E50939F1-BA47-43F6-A1D7-18D98AE6B0B1}"
EndProject
Global
	GlobalSection(SolutionConfigurationPlatforms) = preSolution
		Debug|Any CPU = Debug|Any CPU
		Release|Any CPU = Release|Any CPU
	EndGlobalSection
	GlobalSection(ProjectConfigurationPlatforms) = postSolution
		{9EA62CB8-2489-49E7-803F-DA9536150F71}.Debug|Any CPU.ActiveCfg = Debug|Any CPU
		{9EA62CB8-2489-49E7-803F-DA9536150F71}.Debug|Any CPU.Build.0 = Debug|Any CPU
		{9EA62CB8-2489-49E7-803F-DA9536150F71}.Release|Any CPU.ActiveCfg = Release|Any CPU
		{9EA62CB8-2489-49E7-803F-DA9536150F71}.Release|Any CPU.Build.0 = Release|Any CPU
		{E50939F1-BA47-43F6-A1D7-18D98AE6B0B1}.Debug|Any CPU.ActiveCfg = Debug|Any CPU
		{E50939F1-BA47-43F6-A1D7-18D98AE6B0B1}.Debug|Any CPU.Build.0 = Debug|Any CPU
		{E50939F1-BA47-43F6-A1D7-18D98AE6B0B1}.Release|Any CPU.ActiveCfg = Release|Any CPU
		{E50939F1-BA47-43F6-A1D7-18D98AE6B0B1}.Release|Any CPU.Build.0 = Release|Any CPU
	EndGlobalSection
	GlobalSection(SolutionProperties) = preSolution
		HideSolutionNode = FALSE
	EndGlobalSection
	GlobalSection(ExtensibilityGlobals) = postSolution
		SolutionGuid = {03119EDF-ED32-4D3F-ABC0-BFAF389CA4AE}
	EndGlobalSection
EndGlobal
